
Microsoft Visual Studio Solution File, Format Version 12.00
# Visual Studio 14
VisualStudioVersion = 14.0.24720.0
MinimumVisualStudioVersion = 10.0.40219.1
Project("{FAE04EC0-301F-11D3-BF4B-00C04F79EFBC}") = "DemoProvider", "DemoProvider\DemoProvider.csproj", "{D36E6D5F-2F00-4FD4-BD5B-8ADFBDBA42B5}"
EndProject
Project("{FAE04EC0-301F-11D3-BF4B-00C04F79EFBC}") = "DemoProviderWeb", "DemoProviderWeb\DemoProviderWeb.csproj", "{3B894E9C-FA42-4D56-BEA6-95B4474A8DB5}"
EndProject
Global
	GlobalSection(SolutionConfigurationPlatforms) = preSolution
		Debug|Any CPU = Debug|Any CPU
		Release|Any CPU = Release|Any CPU
	EndGlobalSection
	GlobalSection(ProjectConfigurationPlatforms) = postSolution
		{D36E6D5F-2F00-4FD4-BD5B-8ADFBDBA42B5}.Debug|Any CPU.ActiveCfg = Debug|Any CPU
		{D36E6D5F-2F00-4FD4-BD5B-8ADFBDBA42B5}.Debug|Any CPU.Build.0 = Debug|Any CPU
		{D36E6D5F-2F00-4FD4-BD5B-8ADFBDBA42B5}.Debug|Any CPU.Deploy.0 = Debug|Any CPU
		{D36E6D5F-2F00-4FD4-BD5B-8ADFBDBA42B5}.Release|Any CPU.ActiveCfg = Release|Any CPU
		{D36E6D5F-2F00-4FD4-BD5B-8ADFBDBA42B5}.Release|Any CPU.Build.0 = Release|Any CPU
		{D36E6D5F-2F00-4FD4-BD5B-8ADFBDBA42B5}.Release|Any CPU.Deploy.0 = Release|Any CPU
		{3B894E9C-FA42-4D56-BEA6-95B4474A8DB5}.Debug|Any CPU.ActiveCfg = Debug|Any CPU
		{3B894E9C-FA42-4D56-BEA6-95B4474A8DB5}.Debug|Any CPU.Build.0 = Debug|Any CPU
		{3B894E9C-FA42-4D56-BEA6-95B4474A8DB5}.Release|Any CPU.ActiveCfg = Release|Any CPU
		{3B894E9C-FA42-4D56-BEA6-95B4474A8DB5}.Release|Any CPU.Build.0 = Release|Any CPU
	EndGlobalSection
	GlobalSection(SolutionProperties) = preSolution
		HideSolutionNode = FALSE
	EndGlobalSection
EndGlobal
